
Microsoft Visual Studio Solution File, Format Version 12.00
# Visual Studio 15
VisualStudioVersion = 15.0.28307.852
MinimumVisualStudioVersion = 10.0.40219.1
Project("{F2A71F9B-5D33-465A-A702-920D77279786}") = "FSharpSolution", "FSharpSolution\FSharpSolution.fsproj", "{FB393254-616B-4A64-B269-010E716327DA}"
EndProject
Global
	GlobalSection(SolutionConfigurationPlatforms) = preSolution
		Debug|Any CPU = Debug|Any CPU
		Release|Any CPU = Release|Any CPU
	EndGlobalSection
	GlobalSection(ProjectConfigurationPlatforms) = postSolution
		{FB393254-616B-4A64-B269-010E716327DA}.Debug|Any CPU.ActiveCfg = Debug|Any CPU
		{FB393254-616B-4A64-B269-010E716327DA}.Debug|Any CPU.Build.0 = Debug|Any CPU
		{FB393254-616B-4A64-B269-010E716327DA}.Release|Any CPU.ActiveCfg = Release|Any CPU
		{FB393254-616B-4A64-B269-010E716327DA}.Release|Any CPU.Build.0 = Release|Any CPU
	EndGlobalSection
	GlobalSection(SolutionProperties) = preSolution
		HideSolutionNode = FALSE
	EndGlobalSection
	GlobalSection(ExtensibilityGlobals) = postSolution
		SolutionGuid = {3DFC275A-2C9E-4A94-B76F-DEFA03A400FF}
	EndGlobalSection
EndGlobal
